
Microsoft Visual Studio Solution File, Format Version 12.00
# Visual Studio Version 17
VisualStudioVersion = 17.9.34728.123
MinimumVisualStudioVersion = 10.0.40219.1
Project("{9A19103F-16F7-4668-BE54-9A1E7A4F7556}") = "SaSaLibDnet8TestFrame", "SaSaLibDnet8TestFrame\SaSaLibDnet8TestFrame.csproj", "{CCED5A51-457D-4816-81D7-6A5C94C24695}"
EndProject
Project("{9A19103F-16F7-4668-BE54-9A1E7A4F7556}") = "SasaLibDNet8", "SasaLibDNet8\SasaLibDNet8.csproj", "{38741AC7-E542-4C77-A879-99497628E22C}"
EndProject
Global
	GlobalSection(SolutionConfigurationPlatforms) = preSolution
		Debug|Any CPU = Debug|Any CPU
		Release|Any CPU = Release|Any CPU
	EndGlobalSection
	GlobalSection(ProjectConfigurationPlatforms) = postSolution
		{CCED5A51-457D-4816-81D7-6A5C94C24695}.Debug|Any CPU.ActiveCfg = Debug|Any CPU
		{CCED5A51-457D-4816-81D7-6A5C94C24695}.Debug|Any CPU.Build.0 = Debug|Any CPU
		{CCED5A51-457D-4816-81D7-6A5C94C24695}.Release|Any CPU.ActiveCfg = Release|Any CPU
		{CCED5A51-457D-4816-81D7-6A5C94C24695}.Release|Any CPU.Build.0 = Release|Any CPU
		{38741AC7-E542-4C77-A879-99497628E22C}.Debug|Any CPU.ActiveCfg = Debug|Any CPU
		{38741AC7-E542-4C77-A879-99497628E22C}.Debug|Any CPU.Build.0 = Debug|Any CPU
		{38741AC7-E542-4C77-A879-99497628E22C}.Release|Any CPU.ActiveCfg = Release|Any CPU
		{38741AC7-E542-4C77-A879-99497628E22C}.Release|Any CPU.Build.0 = Release|Any CPU
	EndGlobalSection
	GlobalSection(SolutionProperties) = preSolution
		HideSolutionNode = FALSE
	EndGlobalSection
	GlobalSection(ExtensibilityGlobals) = postSolution
		SolutionGuid = {6B06B73B-759E-49CE-8B26-84A8711C77A1}
	EndGlobalSection
EndGlobal
