
Microsoft Visual Studio Solution File, Format Version 12.00
# Visual Studio Version 17
VisualStudioVersion = 17.9.34728.123
MinimumVisualStudioVersion = 10.0.40219.1
Project("{9A19103F-16F7-4668-BE54-9A1E7A4F7556}") = "SasaLibDNet8", "SasaLibDNet8\SasaLibDNet8.csproj", "{38741AC7-E542-4C77-A879-99497628E22C}"
EndProject
Project("{2150E333-8FDC-42A3-9474-1A3956D46DE8}") = "Solution Items", "Solution Items", "{7C1EC68D-9410-4D48-8559-E6C198418ABF}"
EndProject
Project("{9A19103F-16F7-4668-BE54-9A1E7A4F7556}") = "SasaLibDNet8.Barcode", "SasaLibDNet8.Barcode\SasaLibDNet8.Barcode.csproj", "{EDA92B4D-E155-47EE-B276-47C740DA470D}"
EndProject
Project("{9A19103F-16F7-4668-BE54-9A1E7A4F7556}") = "SaSaLibDNet8TestAPP", "SaSaLibDnet8TestApp\SaSaLibDNet8TestAPP.csproj", "{7A2FCF51-7330-439D-A3E9-301891FCD311}"
EndProject
Project("{FAE04EC0-301F-11D3-BF4B-00C04F79EFBC}") = "SasaLibDNet8.ArcSuitePreview", "SasaLibDNet8.ArcSuitePreview\SasaLibDNet8.ArcSuitePreview.csproj", "{1E993D9F-F7BD-440A-9D26-9E2C517F4C8E}"
EndProject
Project("{FAE04EC0-301F-11D3-BF4B-00C04F79EFBC}") = "SasaLibDNet8.NumberingSupport", "SasaLibDNet8.NumberingSupport\SasaLibDNet8.NumberingSupport.csproj", "{BE182471-DD6A-4663-B824-0EB89458D7AA}"
EndProject
Project("{9A19103F-16F7-4668-BE54-9A1E7A4F7556}") = "SasaLibDNet8.MySQLConnect", "SasaLibDNet8.MySQLConnect\SasaLibDNet8.MySQLConnect.csproj", "{E0EC73E9-8B60-4026-8557-A84C8B8285A2}"
EndProject
Project("{9A19103F-16F7-4668-BE54-9A1E7A4F7556}") = "SasaLibDNet8.PictureBoxControlLibrary", "SasaLibDNet8PagePictureControlInfo\SasaLibDNet8.PictureBoxControlLibrary.csproj", "{8984F0FE-4534-4EC8-A86F-7E7CADB2D8B4}"
EndProject
Project("{FAE04EC0-301F-11D3-BF4B-00C04F79EFBC}") = "SasaLibDNet8.MSIDLL", "SasaLibDNet8.MSIDLL\SasaLibDNet8.MSIDLL.csproj", "{A3D24F97-0015-435C-B935-8DDB953040EE}"
EndProject
Project("{FAE04EC0-301F-11D3-BF4B-00C04F79EFBC}") = "SasaLibDNet8.SysConfigurator", "SasaLibDNet8.SysConfigurator\SasaLibDNet8.SysConfigurator.csproj", "{FEA7BA5C-8BF7-49DA-A505-6F818D3A0642}"
EndProject
Project("{2150E333-8FDC-42A3-9474-1A3956D46DE8}") = "ソリューション項目", "ソリューション項目", "{87B97538-11CE-48D9-8528-FDE9916018B7}"
	ProjectSection(SolutionItems) = preProject
		覚えておくこと・リンク.txt = 覚えておくこと・リンク.txt
	EndProjectSection
EndProject
Project("{FAE04EC0-301F-11D3-BF4B-00C04F79EFBC}") = "SasaLibDNet8TestAPP2", "SasaLibDNet8TestAPP2\SasaLibDNet8TestAPP2.csproj", "{90EC1E0D-943C-4100-8ABC-6C4DE10E91A6}"
EndProject
Global
	GlobalSection(SolutionConfigurationPlatforms) = preSolution
		Debug|Any CPU = Debug|Any CPU
		Release|Any CPU = Release|Any CPU
	EndGlobalSection
	GlobalSection(ProjectConfigurationPlatforms) = postSolution
		{38741AC7-E542-4C77-A879-99497628E22C}.Debug|Any CPU.ActiveCfg = Debug|Any CPU
		{38741AC7-E542-4C77-A879-99497628E22C}.Debug|Any CPU.Build.0 = Debug|Any CPU
		{38741AC7-E542-4C77-A879-99497628E22C}.Release|Any CPU.ActiveCfg = Release|Any CPU
		{38741AC7-E542-4C77-A879-99497628E22C}.Release|Any CPU.Build.0 = Release|Any CPU
		{EDA92B4D-E155-47EE-B276-47C740DA470D}.Debug|Any CPU.ActiveCfg = Debug|Any CPU
		{EDA92B4D-E155-47EE-B276-47C740DA470D}.Debug|Any CPU.Build.0 = Debug|Any CPU
		{EDA92B4D-E155-47EE-B276-47C740DA470D}.Release|Any CPU.ActiveCfg = Release|Any CPU
		{EDA92B4D-E155-47EE-B276-47C740DA470D}.Release|Any CPU.Build.0 = Release|Any CPU
		{7A2FCF51-7330-439D-A3E9-301891FCD311}.Debug|Any CPU.ActiveCfg = Debug|Any CPU
		{7A2FCF51-7330-439D-A3E9-301891FCD311}.Debug|Any CPU.Build.0 = Debug|Any CPU
		{7A2FCF51-7330-439D-A3E9-301891FCD311}.Release|Any CPU.ActiveCfg = Release|Any CPU
		{7A2FCF51-7330-439D-A3E9-301891FCD311}.Release|Any CPU.Build.0 = Release|Any CPU
		{1E993D9F-F7BD-440A-9D26-9E2C517F4C8E}.Debug|Any CPU.ActiveCfg = Debug|Any CPU
		{1E993D9F-F7BD-440A-9D26-9E2C517F4C8E}.Debug|Any CPU.Build.0 = Debug|Any CPU
		{1E993D9F-F7BD-440A-9D26-9E2C517F4C8E}.Release|Any CPU.ActiveCfg = Release|Any CPU
		{1E993D9F-F7BD-440A-9D26-9E2C517F4C8E}.Release|Any CPU.Build.0 = Release|Any CPU
		{BE182471-DD6A-4663-B824-0EB89458D7AA}.Debug|Any CPU.ActiveCfg = Debug|Any CPU
		{BE182471-DD6A-4663-B824-0EB89458D7AA}.Debug|Any CPU.Build.0 = Debug|Any CPU
		{BE182471-DD6A-4663-B824-0EB89458D7AA}.Release|Any CPU.ActiveCfg = Release|Any CPU
		{BE182471-DD6A-4663-B824-0EB89458D7AA}.Release|Any CPU.Build.0 = Release|Any CPU
		{E0EC73E9-8B60-4026-8557-A84C8B8285A2}.Debug|Any CPU.ActiveCfg = Debug|Any CPU
		{E0EC73E9-8B60-4026-8557-A84C8B8285A2}.Debug|Any CPU.Build.0 = Debug|Any CPU
		{E0EC73E9-8B60-4026-8557-A84C8B8285A2}.Release|Any CPU.ActiveCfg = Release|Any CPU
		{E0EC73E9-8B60-4026-8557-A84C8B8285A2}.Release|Any CPU.Build.0 = Release|Any CPU
		{8984F0FE-4534-4EC8-A86F-7E7CADB2D8B4}.Debug|Any CPU.ActiveCfg = Debug|Any CPU
		{8984F0FE-4534-4EC8-A86F-7E7CADB2D8B4}.Debug|Any CPU.Build.0 = Debug|Any CPU
		{8984F0FE-4534-4EC8-A86F-7E7CADB2D8B4}.Release|Any CPU.ActiveCfg = Release|Any CPU
		{8984F0FE-4534-4EC8-A86F-7E7CADB2D8B4}.Release|Any CPU.Build.0 = Release|Any CPU
		{A3D24F97-0015-435C-B935-8DDB953040EE}.Debug|Any CPU.ActiveCfg = Debug|Any CPU
		{A3D24F97-0015-435C-B935-8DDB953040EE}.Debug|Any CPU.Build.0 = Debug|Any CPU
		{A3D24F97-0015-435C-B935-8DDB953040EE}.Release|Any CPU.ActiveCfg = Release|Any CPU
		{A3D24F97-0015-435C-B935-8DDB953040EE}.Release|Any CPU.Build.0 = Release|Any CPU
		{FEA7BA5C-8BF7-49DA-A505-6F818D3A0642}.Debug|Any CPU.ActiveCfg = Debug|Any CPU
		{FEA7BA5C-8BF7-49DA-A505-6F818D3A0642}.Debug|Any CPU.Build.0 = Debug|Any CPU
		{FEA7BA5C-8BF7-49DA-A505-6F818D3A0642}.Release|Any CPU.ActiveCfg = Release|Any CPU
		{FEA7BA5C-8BF7-49DA-A505-6F818D3A0642}.Release|Any CPU.Build.0 = Release|Any CPU
		{90EC1E0D-943C-4100-8ABC-6C4DE10E91A6}.Debug|Any CPU.ActiveCfg = Debug|Any CPU
		{90EC1E0D-943C-4100-8ABC-6C4DE10E91A6}.Debug|Any CPU.Build.0 = Debug|Any CPU
		{90EC1E0D-943C-4100-8ABC-6C4DE10E91A6}.Release|Any CPU.ActiveCfg = Release|Any CPU
		{90EC1E0D-943C-4100-8ABC-6C4DE10E91A6}.Release|Any CPU.Build.0 = Release|Any CPU
	EndGlobalSection
	GlobalSection(SolutionProperties) = preSolution
		HideSolutionNode = FALSE
	EndGlobalSection
	GlobalSection(ExtensibilityGlobals) = postSolution
		SolutionGuid = {6B06B73B-759E-49CE-8B26-84A8711C77A1}
	EndGlobalSection
EndGlobal
