
Microsoft Visual Studio Solution File, Format Version 12.00
# Visual Studio Version 17
VisualStudioVersion = 17.13.36105.23 d17.13
MinimumVisualStudioVersion = 10.0.40219.1
Project("{FAE04EC0-301F-11D3-BF4B-00C04F79EFBC}") = "WNetCancelConnection", "WNetCancelConnection\WNetCancelConnection.csproj", "{91956D17-BB03-188B-01AC-9A3216B861A9}"
EndProject
Project("{FAE04EC0-301F-11D3-BF4B-00C04F79EFBC}") = "WNetAddConnection", "WNetAddConnection\WNetAddConnection.csproj", "{22B78B1E-9308-484D-B931-BF9CD25637FD}"
EndProject
Global
	GlobalSection(SolutionConfigurationPlatforms) = preSolution
		Debug|Any CPU = Debug|Any CPU
		Release|Any CPU = Release|Any CPU
	EndGlobalSection
	GlobalSection(ProjectConfigurationPlatforms) = postSolution
		{91956D17-BB03-188B-01AC-9A3216B861A9}.Debug|Any CPU.ActiveCfg = Debug|Any CPU
		{91956D17-BB03-188B-01AC-9A3216B861A9}.Debug|Any CPU.Build.0 = Debug|Any CPU
		{91956D17-BB03-188B-01AC-9A3216B861A9}.Release|Any CPU.ActiveCfg = Release|Any CPU
		{91956D17-BB03-188B-01AC-9A3216B861A9}.Release|Any CPU.Build.0 = Release|Any CPU
		{22B78B1E-9308-484D-B931-BF9CD25637FD}.Debug|Any CPU.ActiveCfg = Debug|Any CPU
		{22B78B1E-9308-484D-B931-BF9CD25637FD}.Debug|Any CPU.Build.0 = Debug|Any CPU
		{22B78B1E-9308-484D-B931-BF9CD25637FD}.Release|Any CPU.ActiveCfg = Release|Any CPU
		{22B78B1E-9308-484D-B931-BF9CD25637FD}.Release|Any CPU.Build.0 = Release|Any CPU
	EndGlobalSection
	GlobalSection(SolutionProperties) = preSolution
		HideSolutionNode = FALSE
	EndGlobalSection
	GlobalSection(ExtensibilityGlobals) = postSolution
		SolutionGuid = {2BAD4D2D-0A52-40EA-8CDE-B8D22B719593}
	EndGlobalSection
EndGlobal
